
Microsoft Visual Studio Solution File, Format Version 12.00
# Visual Studio 2013
VisualStudioVersion = 12.0.30723.0
MinimumVisualStudioVersion = 10.0.40219.1
Project("{2150E333-8FDC-42A3-9474-1A3956D46DE8}") = "RSSReader", "RSSReader", "{AC3EBE92-5E9D-4D93-9506-737A286696E6}"
EndProject
Project("{D954291E-2A0B-460D-934E-DC6B0785DB48}") = "RSSReader.Shared", "RSSReader\RSSReader.Shared\RSSReader.Shared.shproj", "{5619AC42-8890-46E8-9B4F-5AE4C6A0D524}"
EndProject
Project("{FAE04EC0-301F-11D3-BF4B-00C04F79EFBC}") = "RSSReader.Windows", "RSSReader\RSSReader.Windows\RSSReader.Windows.csproj", "{0BCD01BA-291C-40C7-AC4C-6C0062AB0700}"
EndProject
Project("{FAE04EC0-301F-11D3-BF4B-00C04F79EFBC}") = "RSSReader.WindowsPhone", "RSSReader\RSSReader.WindowsPhone\RSSReader.WindowsPhone.csproj", "{656D3958-5D9A-490A-9E2B-383C2192272C}"
EndProject
Project("{FAE04EC0-301F-11D3-BF4B-00C04F79EFBC}") = "RSSReader.Library.Common", "RSSReader.Library.Common\RSSReader.Library.Common.csproj", "{E9F91406-F41D-48E3-BA46-9A63190049FF}"
EndProject
Project("{2150E333-8FDC-42A3-9474-1A3956D46DE8}") = "BarCode", "BarCode", "{E87D4454-7237-4669-93FE-7E42FA640EDC}"
EndProject
Project("{FAE04EC0-301F-11D3-BF4B-00C04F79EFBC}") = "Silverlight ZXing Core", "Silverlight ZXing Core\Silverlight ZXing Core.csproj", "{B9435655-C5DC-46F9-A4A3-CC214F8D6058}"
EndProject
Project("{2150E333-8FDC-42A3-9474-1A3956D46DE8}") = "Notification", "Notification", "{4AA34B35-9A9E-446B-B50F-652F7FD8C8B3}"
EndProject
Project("{FAE04EC0-301F-11D3-BF4B-00C04F79EFBC}") = "NotificationManager", "NotificationManager\NotificationManager.csproj", "{22923DB4-9754-4AD5-B124-496CB599D40A}"
EndProject
Project("{2150E333-8FDC-42A3-9474-1A3956D46DE8}") = "Common", "Common", "{FF318350-164F-4F69-8149-73F62F9CB87B}"
EndProject
Project("{FAE04EC0-301F-11D3-BF4B-00C04F79EFBC}") = "App.Library.Common", "App.Library.Common\App.Library.Common.csproj", "{C964C970-ED0E-44C9-9BE8-24F5392D3038}"
EndProject
Project("{FAE04EC0-301F-11D3-BF4B-00C04F79EFBC}") = "BarCode.Library", "BarCode.Library\BarCode.Library.csproj", "{DB27CBAF-F180-404D-BF0B-3158CDB3ECA1}"
EndProject
Project("{FAE04EC0-301F-11D3-BF4B-00C04F79EFBC}") = "Silverlight ZXing Core.Universal", "Silverlight ZXing Core.Universal\Silverlight ZXing Core.Universal.csproj", "{195D20CF-892C-42E8-BD2C-F6E1B12D4A1C}"
EndProject
Global
	GlobalSection(SharedMSBuildProjectFiles) = preSolution
		RSSReader\RSSReader.Shared\RSSReader.Shared.projitems*{5619ac42-8890-46e8-9b4f-5ae4c6a0d524}*SharedItemsImports = 13
		RSSReader\RSSReader.Shared\RSSReader.Shared.projitems*{656d3958-5d9a-490a-9e2b-383c2192272c}*SharedItemsImports = 4
		RSSReader\RSSReader.Shared\RSSReader.Shared.projitems*{0bcd01ba-291c-40c7-ac4c-6c0062ab0700}*SharedItemsImports = 4
	EndGlobalSection
	GlobalSection(SolutionConfigurationPlatforms) = preSolution
		Debug|Any CPU = Debug|Any CPU
		Debug|ARM = Debug|ARM
		Debug|x64 = Debug|x64
		Debug|x86 = Debug|x86
		HTC渠道Release|Any CPU = HTC渠道Release|Any CPU
		HTC渠道Release|ARM = HTC渠道Release|ARM
		HTC渠道Release|x64 = HTC渠道Release|x64
		HTC渠道Release|x86 = HTC渠道Release|x86
		Release|Any CPU = Release|Any CPU
		Release|ARM = Release|ARM
		Release|x64 = Release|x64
		Release|x86 = Release|x86
		联合运营渠道Release|Any CPU = 联合运营渠道Release|Any CPU
		联合运营渠道Release|ARM = 联合运营渠道Release|ARM
		联合运营渠道Release|x64 = 联合运营渠道Release|x64
		联合运营渠道Release|x86 = 联合运营渠道Release|x86
		智机网渠道Release|Any CPU = 智机网渠道Release|Any CPU
		智机网渠道Release|ARM = 智机网渠道Release|ARM
		智机网渠道Release|x64 = 智机网渠道Release|x64
		智机网渠道Release|x86 = 智机网渠道Release|x86
	EndGlobalSection
	GlobalSection(ProjectConfigurationPlatforms) = postSolution
		{0BCD01BA-291C-40C7-AC4C-6C0062AB0700}.Debug|Any CPU.ActiveCfg = Debug|Any CPU
		{0BCD01BA-291C-40C7-AC4C-6C0062AB0700}.Debug|Any CPU.Build.0 = Debug|Any CPU
		{0BCD01BA-291C-40C7-AC4C-6C0062AB0700}.Debug|Any CPU.Deploy.0 = Debug|Any CPU
		{0BCD01BA-291C-40C7-AC4C-6C0062AB0700}.Debug|ARM.ActiveCfg = Debug|ARM
		{0BCD01BA-291C-40C7-AC4C-6C0062AB0700}.Debug|ARM.Build.0 = Debug|ARM
		{0BCD01BA-291C-40C7-AC4C-6C0062AB0700}.Debug|ARM.Deploy.0 = Debug|ARM
		{0BCD01BA-291C-40C7-AC4C-6C0062AB0700}.Debug|x64.ActiveCfg = Debug|x64
		{0BCD01BA-291C-40C7-AC4C-6C0062AB0700}.Debug|x64.Build.0 = Debug|x64
		{0BCD01BA-291C-40C7-AC4C-6C0062AB0700}.Debug|x64.Deploy.0 = Debug|x64
		{0BCD01BA-291C-40C7-AC4C-6C0062AB0700}.Debug|x86.ActiveCfg = Debug|x86
		{0BCD01BA-291C-40C7-AC4C-6C0062AB0700}.Debug|x86.Build.0 = Debug|x86
		{0BCD01BA-291C-40C7-AC4C-6C0062AB0700}.Debug|x86.Deploy.0 = Debug|x86
		{0BCD01BA-291C-40C7-AC4C-6C0062AB0700}.HTC渠道Release|Any CPU.ActiveCfg = Release|Any CPU
		{0BCD01BA-291C-40C7-AC4C-6C0062AB0700}.HTC渠道Release|ARM.ActiveCfg = Release|ARM
		{0BCD01BA-291C-40C7-AC4C-6C0062AB0700}.HTC渠道Release|x64.ActiveCfg = Release|x64
		{0BCD01BA-291C-40C7-AC4C-6C0062AB0700}.HTC渠道Release|x86.ActiveCfg = Release|x86
		{0BCD01BA-291C-40C7-AC4C-6C0062AB0700}.Release|Any CPU.ActiveCfg = Release|Any CPU
		{0BCD01BA-291C-40C7-AC4C-6C0062AB0700}.Release|Any CPU.Build.0 = Release|Any CPU
		{0BCD01BA-291C-40C7-AC4C-6C0062AB0700}.Release|Any CPU.Deploy.0 = Release|Any CPU
		{0BCD01BA-291C-40C7-AC4C-6C0062AB0700}.Release|ARM.ActiveCfg = Release|ARM
		{0BCD01BA-291C-40C7-AC4C-6C0062AB0700}.Release|ARM.Build.0 = Release|ARM
		{0BCD01BA-291C-40C7-AC4C-6C0062AB0700}.Release|ARM.Deploy.0 = Release|ARM
		{0BCD01BA-291C-40C7-AC4C-6C0062AB0700}.Release|x64.ActiveCfg = Release|x64
		{0BCD01BA-291C-40C7-AC4C-6C0062AB0700}.Release|x64.Build.0 = Release|x64
		{0BCD01BA-291C-40C7-AC4C-6C0062AB0700}.Release|x64.Deploy.0 = Release|x64
		{0BCD01BA-291C-40C7-AC4C-6C0062AB0700}.Release|x86.ActiveCfg = Release|x86
		{0BCD01BA-291C-40C7-AC4C-6C0062AB0700}.Release|x86.Build.0 = Release|x86
		{0BCD01BA-291C-40C7-AC4C-6C0062AB0700}.Release|x86.Deploy.0 = Release|x86
		{0BCD01BA-291C-40C7-AC4C-6C0062AB0700}.联合运营渠道Release|Any CPU.ActiveCfg = Release|Any CPU
		{0BCD01BA-291C-40C7-AC4C-6C0062AB0700}.联合运营渠道Release|ARM.ActiveCfg = Release|ARM
		{0BCD01BA-291C-40C7-AC4C-6C0062AB0700}.联合运营渠道Release|x64.ActiveCfg = Release|x64
		{0BCD01BA-291C-40C7-AC4C-6C0062AB0700}.联合运营渠道Release|x86.ActiveCfg = Release|x86
		{0BCD01BA-291C-40C7-AC4C-6C0062AB0700}.智机网渠道Release|Any CPU.ActiveCfg = Release|Any CPU
		{0BCD01BA-291C-40C7-AC4C-6C0062AB0700}.智机网渠道Release|ARM.ActiveCfg = Release|ARM
		{0BCD01BA-291C-40C7-AC4C-6C0062AB0700}.智机网渠道Release|x64.ActiveCfg = Release|x64
		{0BCD01BA-291C-40C7-AC4C-6C0062AB0700}.智机网渠道Release|x86.ActiveCfg = Release|x86
		{656D3958-5D9A-490A-9E2B-383C2192272C}.Debug|Any CPU.ActiveCfg = Debug|Any CPU
		{656D3958-5D9A-490A-9E2B-383C2192272C}.Debug|Any CPU.Build.0 = Debug|Any CPU
		{656D3958-5D9A-490A-9E2B-383C2192272C}.Debug|Any CPU.Deploy.0 = Debug|Any CPU
		{656D3958-5D9A-490A-9E2B-383C2192272C}.Debug|ARM.ActiveCfg = Debug|ARM
		{656D3958-5D9A-490A-9E2B-383C2192272C}.Debug|ARM.Build.0 = Debug|ARM
		{656D3958-5D9A-490A-9E2B-383C2192272C}.Debug|ARM.Deploy.0 = Debug|ARM
		{656D3958-5D9A-490A-9E2B-383C2192272C}.Debug|x64.ActiveCfg = Debug|Any CPU
		{656D3958-5D9A-490A-9E2B-383C2192272C}.Debug|x86.ActiveCfg = Debug|x86
		{656D3958-5D9A-490A-9E2B-383C2192272C}.Debug|x86.Build.0 = Debug|x86
		{656D3958-5D9A-490A-9E2B-383C2192272C}.Debug|x86.Deploy.0 = Debug|x86
		{656D3958-5D9A-490A-9E2B-383C2192272C}.HTC渠道Release|Any CPU.ActiveCfg = Release|Any CPU
		{656D3958-5D9A-490A-9E2B-383C2192272C}.HTC渠道Release|ARM.ActiveCfg = Release|ARM
		{656D3958-5D9A-490A-9E2B-383C2192272C}.HTC渠道Release|x64.ActiveCfg = Release|Any CPU
		{656D3958-5D9A-490A-9E2B-383C2192272C}.HTC渠道Release|x86.ActiveCfg = Release|x86
		{656D3958-5D9A-490A-9E2B-383C2192272C}.Release|Any CPU.ActiveCfg = Release|Any CPU
		{656D3958-5D9A-490A-9E2B-383C2192272C}.Release|Any CPU.Build.0 = Release|Any CPU
		{656D3958-5D9A-490A-9E2B-383C2192272C}.Release|Any CPU.Deploy.0 = Release|Any CPU
		{656D3958-5D9A-490A-9E2B-383C2192272C}.Release|ARM.ActiveCfg = Release|ARM
		{656D3958-5D9A-490A-9E2B-383C2192272C}.Release|ARM.Build.0 = Release|ARM
		{656D3958-5D9A-490A-9E2B-383C2192272C}.Release|ARM.Deploy.0 = Release|ARM
		{656D3958-5D9A-490A-9E2B-383C2192272C}.Release|x64.ActiveCfg = Release|Any CPU
		{656D3958-5D9A-490A-9E2B-383C2192272C}.Release|x86.ActiveCfg = Release|x86
		{656D3958-5D9A-490A-9E2B-383C2192272C}.Release|x86.Build.0 = Release|x86
		{656D3958-5D9A-490A-9E2B-383C2192272C}.Release|x86.Deploy.0 = Release|x86
		{656D3958-5D9A-490A-9E2B-383C2192272C}.联合运营渠道Release|Any CPU.ActiveCfg = Release|Any CPU
		{656D3958-5D9A-490A-9E2B-383C2192272C}.联合运营渠道Release|ARM.ActiveCfg = Release|ARM
		{656D3958-5D9A-490A-9E2B-383C2192272C}.联合运营渠道Release|x64.ActiveCfg = Release|Any CPU
		{656D3958-5D9A-490A-9E2B-383C2192272C}.联合运营渠道Release|x86.ActiveCfg = Release|x86
		{656D3958-5D9A-490A-9E2B-383C2192272C}.智机网渠道Release|Any CPU.ActiveCfg = Release|Any CPU
		{656D3958-5D9A-490A-9E2B-383C2192272C}.智机网渠道Release|ARM.ActiveCfg = Release|ARM
		{656D3958-5D9A-490A-9E2B-383C2192272C}.智机网渠道Release|x64.ActiveCfg = Release|Any CPU
		{656D3958-5D9A-490A-9E2B-383C2192272C}.智机网渠道Release|x86.ActiveCfg = Release|x86
		{E9F91406-F41D-48E3-BA46-9A63190049FF}.Debug|Any CPU.ActiveCfg = Debug|Any CPU
		{E9F91406-F41D-48E3-BA46-9A63190049FF}.Debug|Any CPU.Build.0 = Debug|Any CPU
		{E9F91406-F41D-48E3-BA46-9A63190049FF}.Debug|ARM.ActiveCfg = Debug|Any CPU
		{E9F91406-F41D-48E3-BA46-9A63190049FF}.Debug|x64.ActiveCfg = Debug|Any CPU
		{E9F91406-F41D-48E3-BA46-9A63190049FF}.Debug|x86.ActiveCfg = Debug|Any CPU
		{E9F91406-F41D-48E3-BA46-9A63190049FF}.HTC渠道Release|Any CPU.ActiveCfg = Release|Any CPU
		{E9F91406-F41D-48E3-BA46-9A63190049FF}.HTC渠道Release|ARM.ActiveCfg = Release|Any CPU
		{E9F91406-F41D-48E3-BA46-9A63190049FF}.HTC渠道Release|x64.ActiveCfg = Release|Any CPU
		{E9F91406-F41D-48E3-BA46-9A63190049FF}.HTC渠道Release|x86.ActiveCfg = Release|Any CPU
		{E9F91406-F41D-48E3-BA46-9A63190049FF}.Release|Any CPU.ActiveCfg = Release|Any CPU
		{E9F91406-F41D-48E3-BA46-9A63190049FF}.Release|Any CPU.Build.0 = Release|Any CPU
		{E9F91406-F41D-48E3-BA46-9A63190049FF}.Release|ARM.ActiveCfg = Release|Any CPU
		{E9F91406-F41D-48E3-BA46-9A63190049FF}.Release|x64.ActiveCfg = Release|Any CPU
		{E9F91406-F41D-48E3-BA46-9A63190049FF}.Release|x86.ActiveCfg = Release|Any CPU
		{E9F91406-F41D-48E3-BA46-9A63190049FF}.联合运营渠道Release|Any CPU.ActiveCfg = Release|Any CPU
		{E9F91406-F41D-48E3-BA46-9A63190049FF}.联合运营渠道Release|ARM.ActiveCfg = Release|Any CPU
		{E9F91406-F41D-48E3-BA46-9A63190049FF}.联合运营渠道Release|x64.ActiveCfg = Release|Any CPU
		{E9F91406-F41D-48E3-BA46-9A63190049FF}.联合运营渠道Release|x86.ActiveCfg = Release|Any CPU
		{E9F91406-F41D-48E3-BA46-9A63190049FF}.智机网渠道Release|Any CPU.ActiveCfg = Release|Any CPU
		{E9F91406-F41D-48E3-BA46-9A63190049FF}.智机网渠道Release|ARM.ActiveCfg = Release|Any CPU
		{E9F91406-F41D-48E3-BA46-9A63190049FF}.智机网渠道Release|x64.ActiveCfg = Release|Any CPU
		{E9F91406-F41D-48E3-BA46-9A63190049FF}.智机网渠道Release|x86.ActiveCfg = Release|Any CPU
		{B9435655-C5DC-46F9-A4A3-CC214F8D6058}.Debug|Any CPU.ActiveCfg = Debug|Any CPU
		{B9435655-C5DC-46F9-A4A3-CC214F8D6058}.Debug|Any CPU.Build.0 = Debug|Any CPU
		{B9435655-C5DC-46F9-A4A3-CC214F8D6058}.Debug|ARM.ActiveCfg = Debug|ARM
		{B9435655-C5DC-46F9-A4A3-CC214F8D6058}.Debug|ARM.Build.0 = Debug|ARM
		{B9435655-C5DC-46F9-A4A3-CC214F8D6058}.Debug|x64.ActiveCfg = Debug|Any CPU
		{B9435655-C5DC-46F9-A4A3-CC214F8D6058}.Debug|x86.ActiveCfg = Debug|x86
		{B9435655-C5DC-46F9-A4A3-CC214F8D6058}.Debug|x86.Build.0 = Debug|x86
		{B9435655-C5DC-46F9-A4A3-CC214F8D6058}.HTC渠道Release|Any CPU.ActiveCfg = Release|Any CPU
		{B9435655-C5DC-46F9-A4A3-CC214F8D6058}.HTC渠道Release|ARM.ActiveCfg = Release|ARM
		{B9435655-C5DC-46F9-A4A3-CC214F8D6058}.HTC渠道Release|x64.ActiveCfg = Release|Any CPU
		{B9435655-C5DC-46F9-A4A3-CC214F8D6058}.HTC渠道Release|x86.ActiveCfg = Release|x86
		{B9435655-C5DC-46F9-A4A3-CC214F8D6058}.Release|Any CPU.ActiveCfg = Release|Any CPU
		{B9435655-C5DC-46F9-A4A3-CC214F8D6058}.Release|Any CPU.Build.0 = Release|Any CPU
		{B9435655-C5DC-46F9-A4A3-CC214F8D6058}.Release|ARM.ActiveCfg = Release|ARM
		{B9435655-C5DC-46F9-A4A3-CC214F8D6058}.Release|ARM.Build.0 = Release|ARM
		{B9435655-C5DC-46F9-A4A3-CC214F8D6058}.Release|x64.ActiveCfg = Release|Any CPU
		{B9435655-C5DC-46F9-A4A3-CC214F8D6058}.Release|x86.ActiveCfg = Release|x86
		{B9435655-C5DC-46F9-A4A3-CC214F8D6058}.Release|x86.Build.0 = Release|x86
		{B9435655-C5DC-46F9-A4A3-CC214F8D6058}.联合运营渠道Release|Any CPU.ActiveCfg = Release|Any CPU
		{B9435655-C5DC-46F9-A4A3-CC214F8D6058}.联合运营渠道Release|ARM.ActiveCfg = Release|ARM
		{B9435655-C5DC-46F9-A4A3-CC214F8D6058}.联合运营渠道Release|x64.ActiveCfg = Release|Any CPU
		{B9435655-C5DC-46F9-A4A3-CC214F8D6058}.联合运营渠道Release|x86.ActiveCfg = Release|x86
		{B9435655-C5DC-46F9-A4A3-CC214F8D6058}.智机网渠道Release|Any CPU.ActiveCfg = Release|Any CPU
		{B9435655-C5DC-46F9-A4A3-CC214F8D6058}.智机网渠道Release|ARM.ActiveCfg = Release|ARM
		{B9435655-C5DC-46F9-A4A3-CC214F8D6058}.智机网渠道Release|x64.ActiveCfg = Release|Any CPU
		{B9435655-C5DC-46F9-A4A3-CC214F8D6058}.智机网渠道Release|x86.ActiveCfg = Release|x86
		{22923DB4-9754-4AD5-B124-496CB599D40A}.Debug|Any CPU.ActiveCfg = Debug|Any CPU
		{22923DB4-9754-4AD5-B124-496CB599D40A}.Debug|Any CPU.Build.0 = Debug|Any CPU
		{22923DB4-9754-4AD5-B124-496CB599D40A}.Debug|ARM.ActiveCfg = Debug|Any CPU
		{22923DB4-9754-4AD5-B124-496CB599D40A}.Debug|x64.ActiveCfg = Debug|Any CPU
		{22923DB4-9754-4AD5-B124-496CB599D40A}.Debug|x86.ActiveCfg = Debug|Any CPU
		{22923DB4-9754-4AD5-B124-496CB599D40A}.HTC渠道Release|Any CPU.ActiveCfg = Release|Any CPU
		{22923DB4-9754-4AD5-B124-496CB599D40A}.HTC渠道Release|Any CPU.Build.0 = Release|Any CPU
		{22923DB4-9754-4AD5-B124-496CB599D40A}.HTC渠道Release|ARM.ActiveCfg = Release|Any CPU
		{22923DB4-9754-4AD5-B124-496CB599D40A}.HTC渠道Release|x64.ActiveCfg = Release|Any CPU
		{22923DB4-9754-4AD5-B124-496CB599D40A}.HTC渠道Release|x86.ActiveCfg = Release|Any CPU
		{22923DB4-9754-4AD5-B124-496CB599D40A}.Release|Any CPU.ActiveCfg = Release|Any CPU
		{22923DB4-9754-4AD5-B124-496CB599D40A}.Release|Any CPU.Build.0 = Release|Any CPU
		{22923DB4-9754-4AD5-B124-496CB599D40A}.Release|ARM.ActiveCfg = Release|Any CPU
		{22923DB4-9754-4AD5-B124-496CB599D40A}.Release|x64.ActiveCfg = Release|Any CPU
		{22923DB4-9754-4AD5-B124-496CB599D40A}.Release|x86.ActiveCfg = Release|Any CPU
		{22923DB4-9754-4AD5-B124-496CB599D40A}.联合运营渠道Release|Any CPU.ActiveCfg = Release|Any CPU
		{22923DB4-9754-4AD5-B124-496CB599D40A}.联合运营渠道Release|Any CPU.Build.0 = Release|Any CPU
		{22923DB4-9754-4AD5-B124-496CB599D40A}.联合运营渠道Release|ARM.ActiveCfg = Release|Any CPU
		{22923DB4-9754-4AD5-B124-496CB599D40A}.联合运营渠道Release|x64.ActiveCfg = Release|Any CPU
		{22923DB4-9754-4AD5-B124-496CB599D40A}.联合运营渠道Release|x86.ActiveCfg = Release|Any CPU
		{22923DB4-9754-4AD5-B124-496CB599D40A}.智机网渠道Release|Any CPU.ActiveCfg = Release|Any CPU
		{22923DB4-9754-4AD5-B124-496CB599D40A}.智机网渠道Release|Any CPU.Build.0 = Release|Any CPU
		{22923DB4-9754-4AD5-B124-496CB599D40A}.智机网渠道Release|ARM.ActiveCfg = Release|Any CPU
		{22923DB4-9754-4AD5-B124-496CB599D40A}.智机网渠道Release|x64.ActiveCfg = Release|Any CPU
		{22923DB4-9754-4AD5-B124-496CB599D40A}.智机网渠道Release|x86.ActiveCfg = Release|Any CPU
		{C964C970-ED0E-44C9-9BE8-24F5392D3038}.Debug|Any CPU.ActiveCfg = Debug|Any CPU
		{C964C970-ED0E-44C9-9BE8-24F5392D3038}.Debug|Any CPU.Build.0 = Debug|Any CPU
		{C964C970-ED0E-44C9-9BE8-24F5392D3038}.Debug|ARM.ActiveCfg = Debug|ARM
		{C964C970-ED0E-44C9-9BE8-24F5392D3038}.Debug|ARM.Build.0 = Debug|ARM
		{C964C970-ED0E-44C9-9BE8-24F5392D3038}.Debug|x64.ActiveCfg = Debug|Any CPU
		{C964C970-ED0E-44C9-9BE8-24F5392D3038}.Debug|x86.ActiveCfg = Debug|x86
		{C964C970-ED0E-44C9-9BE8-24F5392D3038}.Debug|x86.Build.0 = Debug|x86
		{C964C970-ED0E-44C9-9BE8-24F5392D3038}.HTC渠道Release|Any CPU.ActiveCfg = Release|Any CPU
		{C964C970-ED0E-44C9-9BE8-24F5392D3038}.HTC渠道Release|Any CPU.Build.0 = Release|Any CPU
		{C964C970-ED0E-44C9-9BE8-24F5392D3038}.HTC渠道Release|ARM.ActiveCfg = Release|ARM
		{C964C970-ED0E-44C9-9BE8-24F5392D3038}.HTC渠道Release|ARM.Build.0 = Release|ARM
		{C964C970-ED0E-44C9-9BE8-24F5392D3038}.HTC渠道Release|x64.ActiveCfg = Release|Any CPU
		{C964C970-ED0E-44C9-9BE8-24F5392D3038}.HTC渠道Release|x86.ActiveCfg = Release|x86
		{C964C970-ED0E-44C9-9BE8-24F5392D3038}.HTC渠道Release|x86.Build.0 = Release|x86
		{C964C970-ED0E-44C9-9BE8-24F5392D3038}.Release|Any CPU.ActiveCfg = Release|Any CPU
		{C964C970-ED0E-44C9-9BE8-24F5392D3038}.Release|Any CPU.Build.0 = Release|Any CPU
		{C964C970-ED0E-44C9-9BE8-24F5392D3038}.Release|ARM.ActiveCfg = Release|ARM
		{C964C970-ED0E-44C9-9BE8-24F5392D3038}.Release|ARM.Build.0 = Release|ARM
		{C964C970-ED0E-44C9-9BE8-24F5392D3038}.Release|x64.ActiveCfg = Release|Any CPU
		{C964C970-ED0E-44C9-9BE8-24F5392D3038}.Release|x86.ActiveCfg = Release|x86
		{C964C970-ED0E-44C9-9BE8-24F5392D3038}.Release|x86.Build.0 = Release|x86
		{C964C970-ED0E-44C9-9BE8-24F5392D3038}.联合运营渠道Release|Any CPU.ActiveCfg = Release|Any CPU
		{C964C970-ED0E-44C9-9BE8-24F5392D3038}.联合运营渠道Release|Any CPU.Build.0 = Release|Any CPU
		{C964C970-ED0E-44C9-9BE8-24F5392D3038}.联合运营渠道Release|ARM.ActiveCfg = Release|ARM
		{C964C970-ED0E-44C9-9BE8-24F5392D3038}.联合运营渠道Release|ARM.Build.0 = Release|ARM
		{C964C970-ED0E-44C9-9BE8-24F5392D3038}.联合运营渠道Release|x64.ActiveCfg = Release|Any CPU
		{C964C970-ED0E-44C9-9BE8-24F5392D3038}.联合运营渠道Release|x86.ActiveCfg = Release|x86
		{C964C970-ED0E-44C9-9BE8-24F5392D3038}.联合运营渠道Release|x86.Build.0 = Release|x86
		{C964C970-ED0E-44C9-9BE8-24F5392D3038}.智机网渠道Release|Any CPU.ActiveCfg = Release|Any CPU
		{C964C970-ED0E-44C9-9BE8-24F5392D3038}.智机网渠道Release|Any CPU.Build.0 = Release|Any CPU
		{C964C970-ED0E-44C9-9BE8-24F5392D3038}.智机网渠道Release|ARM.ActiveCfg = Release|ARM
		{C964C970-ED0E-44C9-9BE8-24F5392D3038}.智机网渠道Release|ARM.Build.0 = Release|ARM
		{C964C970-ED0E-44C9-9BE8-24F5392D3038}.智机网渠道Release|x64.ActiveCfg = Release|Any CPU
		{C964C970-ED0E-44C9-9BE8-24F5392D3038}.智机网渠道Release|x86.ActiveCfg = Release|x86
		{C964C970-ED0E-44C9-9BE8-24F5392D3038}.智机网渠道Release|x86.Build.0 = Release|x86
		{DB27CBAF-F180-404D-BF0B-3158CDB3ECA1}.Debug|Any CPU.ActiveCfg = Debug|Any CPU
		{DB27CBAF-F180-404D-BF0B-3158CDB3ECA1}.Debug|Any CPU.Build.0 = Debug|Any CPU
		{DB27CBAF-F180-404D-BF0B-3158CDB3ECA1}.Debug|ARM.ActiveCfg = Debug|ARM
		{DB27CBAF-F180-404D-BF0B-3158CDB3ECA1}.Debug|ARM.Build.0 = Debug|ARM
		{DB27CBAF-F180-404D-BF0B-3158CDB3ECA1}.Debug|x64.ActiveCfg = Debug|Any CPU
		{DB27CBAF-F180-404D-BF0B-3158CDB3ECA1}.Debug|x86.ActiveCfg = Debug|x86
		{DB27CBAF-F180-404D-BF0B-3158CDB3ECA1}.Debug|x86.Build.0 = Debug|x86
		{DB27CBAF-F180-404D-BF0B-3158CDB3ECA1}.HTC渠道Release|Any CPU.ActiveCfg = Release|Any CPU
		{DB27CBAF-F180-404D-BF0B-3158CDB3ECA1}.HTC渠道Release|Any CPU.Build.0 = Release|Any CPU
		{DB27CBAF-F180-404D-BF0B-3158CDB3ECA1}.HTC渠道Release|ARM.ActiveCfg = Release|ARM
		{DB27CBAF-F180-404D-BF0B-3158CDB3ECA1}.HTC渠道Release|ARM.Build.0 = Release|ARM
		{DB27CBAF-F180-404D-BF0B-3158CDB3ECA1}.HTC渠道Release|x64.ActiveCfg = Release|Any CPU
		{DB27CBAF-F180-404D-BF0B-3158CDB3ECA1}.HTC渠道Release|x86.ActiveCfg = Release|x86
		{DB27CBAF-F180-404D-BF0B-3158CDB3ECA1}.HTC渠道Release|x86.Build.0 = Release|x86
		{DB27CBAF-F180-404D-BF0B-3158CDB3ECA1}.Release|Any CPU.ActiveCfg = Release|Any CPU
		{DB27CBAF-F180-404D-BF0B-3158CDB3ECA1}.Release|Any CPU.Build.0 = Release|Any CPU
		{DB27CBAF-F180-404D-BF0B-3158CDB3ECA1}.Release|ARM.ActiveCfg = Release|ARM
		{DB27CBAF-F180-404D-BF0B-3158CDB3ECA1}.Release|ARM.Build.0 = Release|ARM
		{DB27CBAF-F180-404D-BF0B-3158CDB3ECA1}.Release|x64.ActiveCfg = Release|Any CPU
		{DB27CBAF-F180-404D-BF0B-3158CDB3ECA1}.Release|x86.ActiveCfg = Release|x86
		{DB27CBAF-F180-404D-BF0B-3158CDB3ECA1}.Release|x86.Build.0 = Release|x86
		{DB27CBAF-F180-404D-BF0B-3158CDB3ECA1}.联合运营渠道Release|Any CPU.ActiveCfg = Release|Any CPU
		{DB27CBAF-F180-404D-BF0B-3158CDB3ECA1}.联合运营渠道Release|Any CPU.Build.0 = Release|Any CPU
		{DB27CBAF-F180-404D-BF0B-3158CDB3ECA1}.联合运营渠道Release|ARM.ActiveCfg = Release|ARM
		{DB27CBAF-F180-404D-BF0B-3158CDB3ECA1}.联合运营渠道Release|ARM.Build.0 = Release|ARM
		{DB27CBAF-F180-404D-BF0B-3158CDB3ECA1}.联合运营渠道Release|x64.ActiveCfg = Release|Any CPU
		{DB27CBAF-F180-404D-BF0B-3158CDB3ECA1}.联合运营渠道Release|x86.ActiveCfg = Release|x86
		{DB27CBAF-F180-404D-BF0B-3158CDB3ECA1}.联合运营渠道Release|x86.Build.0 = Release|x86
		{DB27CBAF-F180-404D-BF0B-3158CDB3ECA1}.智机网渠道Release|Any CPU.ActiveCfg = Release|Any CPU
		{DB27CBAF-F180-404D-BF0B-3158CDB3ECA1}.智机网渠道Release|Any CPU.Build.0 = Release|Any CPU
		{DB27CBAF-F180-404D-BF0B-3158CDB3ECA1}.智机网渠道Release|ARM.ActiveCfg = Release|ARM
		{DB27CBAF-F180-404D-BF0B-3158CDB3ECA1}.智机网渠道Release|ARM.Build.0 = Release|ARM
		{DB27CBAF-F180-404D-BF0B-3158CDB3ECA1}.智机网渠道Release|x64.ActiveCfg = Release|Any CPU
		{DB27CBAF-F180-404D-BF0B-3158CDB3ECA1}.智机网渠道Release|x86.ActiveCfg = Release|x86
		{DB27CBAF-F180-404D-BF0B-3158CDB3ECA1}.智机网渠道Release|x86.Build.0 = Release|x86
		{195D20CF-892C-42E8-BD2C-F6E1B12D4A1C}.Debug|Any CPU.ActiveCfg = Debug|Any CPU
		{195D20CF-892C-42E8-BD2C-F6E1B12D4A1C}.Debug|Any CPU.Build.0 = Debug|Any CPU
		{195D20CF-892C-42E8-BD2C-F6E1B12D4A1C}.Debug|ARM.ActiveCfg = Debug|ARM
		{195D20CF-892C-42E8-BD2C-F6E1B12D4A1C}.Debug|ARM.Build.0 = Debug|ARM
		{195D20CF-892C-42E8-BD2C-F6E1B12D4A1C}.Debug|x64.ActiveCfg = Debug|Any CPU
		{195D20CF-892C-42E8-BD2C-F6E1B12D4A1C}.Debug|x86.ActiveCfg = Debug|x86
		{195D20CF-892C-42E8-BD2C-F6E1B12D4A1C}.Debug|x86.Build.0 = Debug|x86
		{195D20CF-892C-42E8-BD2C-F6E1B12D4A1C}.HTC渠道Release|Any CPU.ActiveCfg = Release|Any CPU
		{195D20CF-892C-42E8-BD2C-F6E1B12D4A1C}.HTC渠道Release|Any CPU.Build.0 = Release|Any CPU
		{195D20CF-892C-42E8-BD2C-F6E1B12D4A1C}.HTC渠道Release|ARM.ActiveCfg = Release|ARM
		{195D20CF-892C-42E8-BD2C-F6E1B12D4A1C}.HTC渠道Release|ARM.Build.0 = Release|ARM
		{195D20CF-892C-42E8-BD2C-F6E1B12D4A1C}.HTC渠道Release|x64.ActiveCfg = Release|Any CPU
		{195D20CF-892C-42E8-BD2C-F6E1B12D4A1C}.HTC渠道Release|x86.ActiveCfg = Release|x86
		{195D20CF-892C-42E8-BD2C-F6E1B12D4A1C}.HTC渠道Release|x86.Build.0 = Release|x86
		{195D20CF-892C-42E8-BD2C-F6E1B12D4A1C}.Release|Any CPU.ActiveCfg = Release|Any CPU
		{195D20CF-892C-42E8-BD2C-F6E1B12D4A1C}.Release|Any CPU.Build.0 = Release|Any CPU
		{195D20CF-892C-42E8-BD2C-F6E1B12D4A1C}.Release|ARM.ActiveCfg = Release|ARM
		{195D20CF-892C-42E8-BD2C-F6E1B12D4A1C}.Release|ARM.Build.0 = Release|ARM
		{195D20CF-892C-42E8-BD2C-F6E1B12D4A1C}.Release|x64.ActiveCfg = Release|Any CPU
		{195D20CF-892C-42E8-BD2C-F6E1B12D4A1C}.Release|x86.ActiveCfg = Release|x86
		{195D20CF-892C-42E8-BD2C-F6E1B12D4A1C}.Release|x86.Build.0 = Release|x86
		{195D20CF-892C-42E8-BD2C-F6E1B12D4A1C}.联合运营渠道Release|Any CPU.ActiveCfg = Release|Any CPU
		{195D20CF-892C-42E8-BD2C-F6E1B12D4A1C}.联合运营渠道Release|Any CPU.Build.0 = Release|Any CPU
		{195D20CF-892C-42E8-BD2C-F6E1B12D4A1C}.联合运营渠道Release|ARM.ActiveCfg = Release|ARM
		{195D20CF-892C-42E8-BD2C-F6E1B12D4A1C}.联合运营渠道Release|ARM.Build.0 = Release|ARM
		{195D20CF-892C-42E8-BD2C-F6E1B12D4A1C}.联合运营渠道Release|x64.ActiveCfg = Release|Any CPU
		{195D20CF-892C-42E8-BD2C-F6E1B12D4A1C}.联合运营渠道Release|x86.ActiveCfg = Release|x86
		{195D20CF-892C-42E8-BD2C-F6E1B12D4A1C}.联合运营渠道Release|x86.Build.0 = Release|x86
		{195D20CF-892C-42E8-BD2C-F6E1B12D4A1C}.智机网渠道Release|Any CPU.ActiveCfg = Release|Any CPU
		{195D20CF-892C-42E8-BD2C-F6E1B12D4A1C}.智机网渠道Release|Any CPU.Build.0 = Release|Any CPU
		{195D20CF-892C-42E8-BD2C-F6E1B12D4A1C}.智机网渠道Release|ARM.ActiveCfg = Release|ARM
		{195D20CF-892C-42E8-BD2C-F6E1B12D4A1C}.智机网渠道Release|ARM.Build.0 = Release|ARM
		{195D20CF-892C-42E8-BD2C-F6E1B12D4A1C}.智机网渠道Release|x64.ActiveCfg = Release|Any CPU
		{195D20CF-892C-42E8-BD2C-F6E1B12D4A1C}.智机网渠道Release|x86.ActiveCfg = Release|x86
		{195D20CF-892C-42E8-BD2C-F6E1B12D4A1C}.智机网渠道Release|x86.Build.0 = Release|x86
	EndGlobalSection
	GlobalSection(SolutionProperties) = preSolution
		HideSolutionNode = FALSE
	EndGlobalSection
	GlobalSection(NestedProjects) = preSolution
		{5619AC42-8890-46E8-9B4F-5AE4C6A0D524} = {AC3EBE92-5E9D-4D93-9506-737A286696E6}
		{0BCD01BA-291C-40C7-AC4C-6C0062AB0700} = {AC3EBE92-5E9D-4D93-9506-737A286696E6}
		{656D3958-5D9A-490A-9E2B-383C2192272C} = {AC3EBE92-5E9D-4D93-9506-737A286696E6}
		{E9F91406-F41D-48E3-BA46-9A63190049FF} = {AC3EBE92-5E9D-4D93-9506-737A286696E6}
		{B9435655-C5DC-46F9-A4A3-CC214F8D6058} = {E87D4454-7237-4669-93FE-7E42FA640EDC}
		{22923DB4-9754-4AD5-B124-496CB599D40A} = {4AA34B35-9A9E-446B-B50F-652F7FD8C8B3}
		{C964C970-ED0E-44C9-9BE8-24F5392D3038} = {FF318350-164F-4F69-8149-73F62F9CB87B}
		{DB27CBAF-F180-404D-BF0B-3158CDB3ECA1} = {E87D4454-7237-4669-93FE-7E42FA640EDC}
		{195D20CF-892C-42E8-BD2C-F6E1B12D4A1C} = {E87D4454-7237-4669-93FE-7E42FA640EDC}
	EndGlobalSection
EndGlobal
